Microsoft Visual Studio Solution File, Format Version 12.00
# Visual Studio Version 17
VisualStudioVersion = 17.5.2.0
MinimumVisualStudioVersion = 10.0.40219.1
Project("{FAE04EC0-301F-11D3-BF4B-00C04F79EFBC}") = "MachingEngine-Selenium-Automation", "MachingEngine-Selenium-Automation.csproj", "{8A2E36A0-B353-62C7-A2CB-9143B932A74A}"
EndProject
Global
	GlobalSection(SolutionConfigurationPlatforms) = preSolution
		Debug|Any CPU = Debug|Any CPU
		Release|Any CPU = Release|Any CPU
	EndGlobalSection
	GlobalSection(ProjectConfigurationPlatforms) = postSolution
		{8A2E36A0-B353-62C7-A2CB-9143B932A74A}.Debug|Any CPU.ActiveCfg = Debug|Any CPU
		{8A2E36A0-B353-62C7-A2CB-9143B932A74A}.Debug|Any CPU.Build.0 = Debug|Any CPU
		{8A2E36A0-B353-62C7-A2CB-9143B932A74A}.Release|Any CPU.ActiveCfg = Release|Any CPU
		{8A2E36A0-B353-62C7-A2CB-9143B932A74A}.Release|Any CPU.Build.0 = Release|Any CPU
	EndGlobalSection
	GlobalSection(SolutionProperties) = preSolution
		HideSolutionNode = FALSE
	EndGlobalSection
	GlobalSection(ExtensibilityGlobals) = postSolution
		SolutionGuid = {56FEEC5A-33B4-41FD-950D-947F5760B07D}
	EndGlobalSection
EndGlobal
